
Microsoft Visual Studio Solution File, Format Version 12.00
# Visual Studio Version 16
VisualStudioVersion = 16.0.31624.102
MinimumVisualStudioVersion = 10.0.40219.1
Project("{FAE04EC0-301F-11D3-BF4B-00C04F79EFBC}") = "Atividade_20-10-2021", "Atividade_20-10-2021\Atividade_20-10-2021.csproj", "{C7ABBA9C-57F7-4B04-9BDA-9620A28799DF}"
EndProject
Global
	GlobalSection(SolutionConfigurationPlatforms) = preSolution
		Debug|Any CPU = Debug|Any CPU
		Release|Any CPU = Release|Any CPU
	EndGlobalSection
	GlobalSection(ProjectConfigurationPlatforms) = postSolution
		{C7ABBA9C-57F7-4B04-9BDA-9620A28799DF}.Debug|Any CPU.ActiveCfg = Debug|Any CPU
		{C7ABBA9C-57F7-4B04-9BDA-9620A28799DF}.Debug|Any CPU.Build.0 = Debug|Any CPU
		{C7ABBA9C-57F7-4B04-9BDA-9620A28799DF}.Release|Any CPU.ActiveCfg = Release|Any CPU
		{C7ABBA9C-57F7-4B04-9BDA-9620A28799DF}.Release|Any CPU.Build.0 = Release|Any CPU
	EndGlobalSection
	GlobalSection(SolutionProperties) = preSolution
		HideSolutionNode = FALSE
	EndGlobalSection
	GlobalSection(ExtensibilityGlobals) = postSolution
		SolutionGuid = {0CEA4EA8-A944-4385-98A7-D17DD653B948}
	EndGlobalSection
EndGlobal
